
Microsoft Visual Studio Solution File, Format Version 12.00
# Visual Studio Version 17
VisualStudioVersion = 17.7.34018.315
MinimumVisualStudioVersion = 10.0.40219.1
Project("{FAE04EC0-301F-11D3-BF4B-00C04F79EFBC}") = "Lab_14", "Lab_14\Lab_14.csproj", "{9906D74D-A483-4BA6-BC7C-68894981EAB1}"
EndProject
Global
	GlobalSection(SolutionConfigurationPlatforms) = preSolution
		Debug|Any CPU = Debug|Any CPU
		Release|Any CPU = Release|Any CPU
	EndGlobalSection
	GlobalSection(ProjectConfigurationPlatforms) = postSolution
		{9906D74D-A483-4BA6-BC7C-68894981EAB1}.Debug|Any CPU.ActiveCfg = Debug|Any CPU
		{9906D74D-A483-4BA6-BC7C-68894981EAB1}.Debug|Any CPU.Build.0 = Debug|Any CPU
		{9906D74D-A483-4BA6-BC7C-68894981EAB1}.Release|Any CPU.ActiveCfg = Release|Any CPU
		{9906D74D-A483-4BA6-BC7C-68894981EAB1}.Release|Any CPU.Build.0 = Release|Any CPU
	EndGlobalSection
	GlobalSection(SolutionProperties) = preSolution
		HideSolutionNode = FALSE
	EndGlobalSection
	GlobalSection(ExtensibilityGlobals) = postSolution
		SolutionGuid = {5592DCC8-25D1-4DDE-9E98-E922C30D01F8}
	EndGlobalSection
EndGlobal
